
Microsoft Visual Studio Solution File, Format Version 12.00
# Visual Studio 15
VisualStudioVersion = 15.0.28010.2041
MinimumVisualStudioVersion = 10.0.40219.1
Project("{FAE04EC0-301F-11D3-BF4B-00C04F79EFBC}") = "PracticaMVC", "PracticaMVC\PracticaMVC.csproj", "{33F90240-A3DF-4523-A95E-5691D10F6088}"
EndProject
Project("{FAE04EC0-301F-11D3-BF4B-00C04F79EFBC}") = "UnitTestPracticaMVC1", "UnitTestPracticaMVC1\UnitTestPracticaMVC1.csproj", "{AF35037C-2B09-4C1E-9886-0732D0DF1104}"
EndProject
Project("{FAE04EC0-301F-11D3-BF4B-00C04F79EFBC}") = "ConsolaAutofac", "ConsolaAutofac\ConsolaAutofac.csproj", "{B1742987-2610-4AFD-94EF-5E88290E6FCE}"
EndProject
Global
	GlobalSection(SolutionConfigurationPlatforms) = preSolution
		Debug|Any CPU = Debug|Any CPU
		Release|Any CPU = Release|Any CPU
	EndGlobalSection
	GlobalSection(ProjectConfigurationPlatforms) = postSolution
		{33F90240-A3DF-4523-A95E-5691D10F6088}.Debug|Any CPU.ActiveCfg = Debug|Any CPU
		{33F90240-A3DF-4523-A95E-5691D10F6088}.Debug|Any CPU.Build.0 = Debug|Any CPU
		{33F90240-A3DF-4523-A95E-5691D10F6088}.Release|Any CPU.ActiveCfg = Release|Any CPU
		{33F90240-A3DF-4523-A95E-5691D10F6088}.Release|Any CPU.Build.0 = Release|Any CPU
		{AF35037C-2B09-4C1E-9886-0732D0DF1104}.Debug|Any CPU.ActiveCfg = Debug|Any CPU
		{AF35037C-2B09-4C1E-9886-0732D0DF1104}.Debug|Any CPU.Build.0 = Debug|Any CPU
		{AF35037C-2B09-4C1E-9886-0732D0DF1104}.Release|Any CPU.ActiveCfg = Release|Any CPU
		{AF35037C-2B09-4C1E-9886-0732D0DF1104}.Release|Any CPU.Build.0 = Release|Any CPU
		{B1742987-2610-4AFD-94EF-5E88290E6FCE}.Debug|Any CPU.ActiveCfg = Debug|Any CPU
		{B1742987-2610-4AFD-94EF-5E88290E6FCE}.Debug|Any CPU.Build.0 = Debug|Any CPU
		{B1742987-2610-4AFD-94EF-5E88290E6FCE}.Release|Any CPU.ActiveCfg = Release|Any CPU
		{B1742987-2610-4AFD-94EF-5E88290E6FCE}.Release|Any CPU.Build.0 = Release|Any CPU
	EndGlobalSection
	GlobalSection(SolutionProperties) = preSolution
		HideSolutionNode = FALSE
	EndGlobalSection
	GlobalSection(ExtensibilityGlobals) = postSolution
		SolutionGuid = {B8247191-8585-4664-A672-9D375364F435}
	EndGlobalSection
EndGlobal
